
Microsoft Visual Studio Solution File, Format Version 12.00
# Visual Studio 15
VisualStudioVersion = 15.0.27004.2005
MinimumVisualStudioVersion = 10.0.40219.1
Project("{9A19103F-16F7-4668-BE54-9A1E7A4F7556}") = "CommandLineParser", "CommandLineParser\CommandLineParser.csproj", "{4A09B1E4-560F-4F7B-B683-DB1AAB1C6B6D}"
EndProject
Project("{FAE04EC0-301F-11D3-BF4B-00C04F79EFBC}") = "CommandLineParser.UnitTests", "CommandLineParser.UnitTests\CommandLineParser.UnitTests.csproj", "{7441B5EC-798C-4EC8-A5AD-039666591C0A}"
EndProject
Project("{FAE04EC0-301F-11D3-BF4B-00C04F79EFBC}") = "ExampleApp", "ExampleApp\ExampleApp.csproj", "{9EFB81B6-D44D-4E95-BF9E-6C4CDF746359}"
EndProject
Global
	GlobalSection(SolutionConfigurationPlatforms) = preSolution
		Debug|Any CPU = Debug|Any CPU
		Release|Any CPU = Release|Any CPU
	EndGlobalSection
	GlobalSection(ProjectConfigurationPlatforms) = postSolution
		{4A09B1E4-560F-4F7B-B683-DB1AAB1C6B6D}.Debug|Any CPU.ActiveCfg = Debug|Any CPU
		{4A09B1E4-560F-4F7B-B683-DB1AAB1C6B6D}.Debug|Any CPU.Build.0 = Debug|Any CPU
		{4A09B1E4-560F-4F7B-B683-DB1AAB1C6B6D}.Release|Any CPU.ActiveCfg = Release|Any CPU
		{4A09B1E4-560F-4F7B-B683-DB1AAB1C6B6D}.Release|Any CPU.Build.0 = Release|Any CPU
		{7441B5EC-798C-4EC8-A5AD-039666591C0A}.Debug|Any CPU.ActiveCfg = Debug|Any CPU
		{7441B5EC-798C-4EC8-A5AD-039666591C0A}.Debug|Any CPU.Build.0 = Debug|Any CPU
		{7441B5EC-798C-4EC8-A5AD-039666591C0A}.Release|Any CPU.ActiveCfg = Release|Any CPU
		{7441B5EC-798C-4EC8-A5AD-039666591C0A}.Release|Any CPU.Build.0 = Release|Any CPU
		{9EFB81B6-D44D-4E95-BF9E-6C4CDF746359}.Debug|Any CPU.ActiveCfg = Debug|Any CPU
		{9EFB81B6-D44D-4E95-BF9E-6C4CDF746359}.Debug|Any CPU.Build.0 = Debug|Any CPU
		{9EFB81B6-D44D-4E95-BF9E-6C4CDF746359}.Release|Any CPU.ActiveCfg = Release|Any CPU
		{9EFB81B6-D44D-4E95-BF9E-6C4CDF746359}.Release|Any CPU.Build.0 = Release|Any CPU
	EndGlobalSection
	GlobalSection(SolutionProperties) = preSolution
		HideSolutionNode = FALSE
	EndGlobalSection
	GlobalSection(ExtensibilityGlobals) = postSolution
		SolutionGuid = {28FCE102-9F98-45A7-A039-9D0E1BEA41B6}
	EndGlobalSection
EndGlobal
